lockfileVersion: "6.0"

settings:
  autoInstallPeers: true
  excludeLinksFromLockfile: false

dependencies:
  vitepress:
    specifier: 1.0.0-rc.35
    version: 1.0.0-rc.35(@algolia/client-search@4.19.1)(search-insights@2.6.0)
  vitepress-plugin-comment-with-giscus:
    specifier: ^1.1.12
    version: 1.1.12(vue@3.4.19)
  vue:
    specifier: ^3.4.19
    version: 3.4.19

devDependencies:
  katex:
    specifier: ^0.16.9
    version: 0.16.9
  markdown-it-smartarrows:
    specifier: ^1.0.1
    version: 1.0.1
  markdown-it-texmath:
    specifier: ^1.0.0
    version: 1.0.0
  prettier:
    specifier: ^3.2.5
    version: 3.2.5

packages:
  /@algolia/autocomplete-core@1.9.3(@algolia/client-search@4.19.1)(algoliasearch@4.19.1)(search-insights@2.6.0):
    resolution:
      {
        integrity: sha512-009HdfugtGCdC4JdXUbVJClA0q0zh24yyePn+KUGk3rP7j8FEe/m5Yo/z65gn6nP/cM39PxpzqKrL7A6fP6PPw==,
      }
    dependencies:
      "@algolia/autocomplete-plugin-algolia-insights": 1.9.3(@algolia/client-search@4.19.1)(algoliasearch@4.19.1)(search-insights@2.6.0)
      "@algolia/autocomplete-shared": 1.9.3(@algolia/client-search@4.19.1)(algoliasearch@4.19.1)
    transitivePeerDependencies:
      - "@algolia/client-search"
      - algoliasearch
      - search-insights
    dev: false

  /@algolia/autocomplete-plugin-algolia-insights@1.9.3(@algolia/client-search@4.19.1)(algoliasearch@4.19.1)(search-insights@2.6.0):
    resolution:
      {
        integrity: sha512-a/yTUkcO/Vyy+JffmAnTWbr4/90cLzw+CC3bRbhnULr/EM0fGNvM13oQQ14f2moLMcVDyAx/leczLlAOovhSZg==,
      }
    peerDependencies:
      search-insights: ">= 1 < 3"
    dependencies:
      "@algolia/autocomplete-shared": 1.9.3(@algolia/client-search@4.19.1)(algoliasearch@4.19.1)
      search-insights: 2.6.0
    transitivePeerDependencies:
      - "@algolia/client-search"
      - algoliasearch
    dev: false

  /@algolia/autocomplete-preset-algolia@1.9.3(@algolia/client-search@4.19.1)(algoliasearch@4.19.1):
    resolution:
      {
        integrity: sha512-d4qlt6YmrLMYy95n5TB52wtNDr6EgAIPH81dvvvW8UmuWRgxEtY0NJiPwl/h95JtG2vmRM804M0DSwMCNZlzRA==,
      }
    peerDependencies:
      "@algolia/client-search": ">= 4.9.1 < 6"
      algoliasearch: ">= 4.9.1 < 6"
    dependencies:
      "@algolia/autocomplete-shared": 1.9.3(@algolia/client-search@4.19.1)(algoliasearch@4.19.1)
      "@algolia/client-search": 4.19.1
      algoliasearch: 4.19.1
    dev: false

  /@algolia/autocomplete-shared@1.9.3(@algolia/client-search@4.19.1)(algoliasearch@4.19.1):
    resolution:
      {
        integrity: sha512-Wnm9E4Ye6Rl6sTTqjoymD+l8DjSTHsHboVRYrKgEt8Q7UHm9nYbqhN/i0fhUYA3OAEH7WA8x3jfpnmJm3rKvaQ==,
      }
    peerDependencies:
      "@algolia/client-search": ">= 4.9.1 < 6"
      algoliasearch: ">= 4.9.1 < 6"
    dependencies:
      "@algolia/client-search": 4.19.1
      algoliasearch: 4.19.1
    dev: false

  /@algolia/cache-browser-local-storage@4.19.1:
    resolution:
      {
        integrity: sha512-FYAZWcGsFTTaSAwj9Std8UML3Bu8dyWDncM7Ls8g+58UOe4XYdlgzXWbrIgjaguP63pCCbMoExKr61B+ztK3tw==,
      }
    dependencies:
      "@algolia/cache-common": 4.19.1
    dev: false

  /@algolia/cache-common@4.19.1:
    resolution:
      {
        integrity: sha512-XGghi3l0qA38HiqdoUY+wvGyBsGvKZ6U3vTiMBT4hArhP3fOGLXpIINgMiiGjTe4FVlTa5a/7Zf2bwlIHfRqqg==,
      }
    dev: false

  /@algolia/cache-in-memory@4.19.1:
    resolution:
      {
        integrity: sha512-+PDWL+XALGvIginigzu8oU6eWw+o76Z8zHbBovWYcrtWOEtinbl7a7UTt3x3lthv+wNuFr/YD1Gf+B+A9V8n5w==,
      }
    dependencies:
      "@algolia/cache-common": 4.19.1
    dev: false

  /@algolia/client-account@4.19.1:
    resolution:
      {
        integrity: sha512-Oy0ritA2k7AMxQ2JwNpfaEcgXEDgeyKu0V7E7xt/ZJRdXfEpZcwp9TOg4TJHC7Ia62gIeT2Y/ynzsxccPw92GA==,
      }
    dependencies:
      "@algolia/client-common": 4.19.1
      "@algolia/client-search": 4.19.1
      "@algolia/transporter": 4.19.1
    dev: false

  /@algolia/client-analytics@4.19.1:
    resolution:
      {
        integrity: sha512-5QCq2zmgdZLIQhHqwl55ZvKVpLM3DNWjFI4T+bHr3rGu23ew2bLO4YtyxaZeChmDb85jUdPDouDlCumGfk6wOg==,
      }
    dependencies:
      "@algolia/client-common": 4.19.1
      "@algolia/client-search": 4.19.1
      "@algolia/requester-common": 4.19.1
      "@algolia/transporter": 4.19.1
    dev: false

  /@algolia/client-common@4.19.1:
    resolution:
      {
        integrity: sha512-3kAIVqTcPrjfS389KQvKzliC559x+BDRxtWamVJt8IVp7LGnjq+aVAXg4Xogkur1MUrScTZ59/AaUd5EdpyXgA==,
      }
    dependencies:
      "@algolia/requester-common": 4.19.1
      "@algolia/transporter": 4.19.1
    dev: false

  /@algolia/client-personalization@4.19.1:
    resolution:
      {
        integrity: sha512-8CWz4/H5FA+krm9HMw2HUQenizC/DxUtsI5oYC0Jxxyce1vsr8cb1aEiSJArQT6IzMynrERif1RVWLac1m36xw==,
      }
    dependencies:
      "@algolia/client-common": 4.19.1
      "@algolia/requester-common": 4.19.1
      "@algolia/transporter": 4.19.1
    dev: false

  /@algolia/client-search@4.19.1:
    resolution:
      {
        integrity: sha512-mBecfMFS4N+yK/p0ZbK53vrZbL6OtWMk8YmnOv1i0LXx4pelY8TFhqKoTit3NPVPwoSNN0vdSN9dTu1xr1XOVw==,
      }
    dependencies:
      "@algolia/client-common": 4.19.1
      "@algolia/requester-common": 4.19.1
      "@algolia/transporter": 4.19.1
    dev: false

  /@algolia/logger-common@4.19.1:
    resolution:
      {
        integrity: sha512-i6pLPZW/+/YXKis8gpmSiNk1lOmYCmRI6+x6d2Qk1OdfvX051nRVdalRbEcVTpSQX6FQAoyeaui0cUfLYW5Elw==,
      }
    dev: false

  /@algolia/logger-console@4.19.1:
    resolution:
      {
        integrity: sha512-jj72k9GKb9W0c7TyC3cuZtTr0CngLBLmc8trzZlXdfvQiigpUdvTi1KoWIb2ZMcRBG7Tl8hSb81zEY3zI2RlXg==,
      }
    dependencies:
      "@algolia/logger-common": 4.19.1
    dev: false

  /@algolia/requester-browser-xhr@4.19.1:
    resolution:
      {
        integrity: sha512-09K/+t7lptsweRTueHnSnmPqIxbHMowejAkn9XIcJMLdseS3zl8ObnS5GWea86mu3vy4+8H+ZBKkUN82Zsq/zg==,
      }
    dependencies:
      "@algolia/requester-common": 4.19.1
    dev: false

  /@algolia/requester-common@4.19.1:
    resolution:
      {
        integrity: sha512-BisRkcWVxrDzF1YPhAckmi2CFYK+jdMT60q10d7z3PX+w6fPPukxHRnZwooiTUrzFe50UBmLItGizWHP5bDzVQ==,
      }
    dev: false

  /@algolia/requester-node-http@4.19.1:
    resolution:
      {
        integrity: sha512-6DK52DHviBHTG2BK/Vv2GIlEw7i+vxm7ypZW0Z7vybGCNDeWzADx+/TmxjkES2h15+FZOqVf/Ja677gePsVItA==,
      }
    dependencies:
      "@algolia/requester-common": 4.19.1
    dev: false

  /@algolia/transporter@4.19.1:
    resolution:
      {
        integrity: sha512-nkpvPWbpuzxo1flEYqNIbGz7xhfhGOKGAZS7tzC+TELgEmi7z99qRyTfNSUlW7LZmB3ACdnqAo+9A9KFBENviQ==,
      }
    dependencies:
      "@algolia/cache-common": 4.19.1
      "@algolia/logger-common": 4.19.1
      "@algolia/requester-common": 4.19.1
    dev: false

  /@babel/helper-string-parser@7.19.4:
    resolution:
      {
        integrity: sha512-nHtDoQcuqFmwYNYPz3Rah5ph2p8PFeFCsZk9A/48dPc/rGocJ5J3hAAZ7pb76VWX3fZKu+uEr/FhH5jLx7umrw==,
      }
    engines: { node: ">=6.9.0" }
    dev: false

  /@babel/helper-validator-identifier@7.19.1:
    resolution:
      {
        integrity: sha512-awrNfaMtnHUr653GgGEs++LlAvW6w+DcPrOliSMXWCKo597CwL5Acf/wWdNkf/tfEQE3mjkeD1YOVZOUV/od1w==,
      }
    engines: { node: ">=6.9.0" }
    dev: false

  /@babel/parser@7.23.9:
    resolution:
      {
        integrity: sha512-9tcKgqKbs3xGJ+NtKF2ndOBBLVwPjl1SHxPQkd36r3Dlirw3xWUeGaTbqr7uGZcTaxkVNwc+03SVP7aCdWrTlA==,
      }
    engines: { node: ">=6.0.0" }
    hasBin: true
    dependencies:
      "@babel/types": 7.20.7
    dev: false

  /@babel/types@7.20.7:
    resolution:
      {
        integrity: sha512-69OnhBxSSgK0OzTJai4kyPDiKTIe3j+ctaHdIGVbRahTLAT7L3R9oeXHC2aVSuGYt3cVnoAMDmOCgJ2yaiLMvg==,
      }
    engines: { node: ">=6.9.0" }
    dependencies:
      "@babel/helper-string-parser": 7.19.4
      "@babel/helper-validator-identifier": 7.19.1
      to-fast-properties: 2.0.0
    dev: false

  /@docsearch/css@3.5.2:
    resolution:
      {
        integrity: sha512-SPiDHaWKQZpwR2siD0KQUwlStvIAnEyK6tAE2h2Wuoq8ue9skzhlyVQ1ddzOxX6khULnAALDiR/isSF3bnuciA==,
      }
    dev: false

  /@docsearch/js@3.5.2(@algolia/client-search@4.19.1)(search-insights@2.6.0):
    resolution:
      {
        integrity: sha512-p1YFTCDflk8ieHgFJYfmyHBki1D61+U9idwrLh+GQQMrBSP3DLGKpy0XUJtPjAOPltcVbqsTjiPFfH7JImjUNg==,
      }
    dependencies:
      "@docsearch/react": 3.5.2(@algolia/client-search@4.19.1)(search-insights@2.6.0)
      preact: 10.11.3
    transitivePeerDependencies:
      - "@algolia/client-search"
      - "@types/react"
      - react
      - react-dom
      - search-insights
    dev: false

  /@docsearch/react@3.5.2(@algolia/client-search@4.19.1)(search-insights@2.6.0):
    resolution:
      {
        integrity: sha512-9Ahcrs5z2jq/DcAvYtvlqEBHImbm4YJI8M9y0x6Tqg598P40HTEkX7hsMcIuThI+hTFxRGZ9hll0Wygm2yEjng==,
      }
    peerDependencies:
      "@types/react": ">= 16.8.0 < 19.0.0"
      react: ">= 16.8.0 < 19.0.0"
      react-dom: ">= 16.8.0 < 19.0.0"
      search-insights: ">= 1 < 3"
    peerDependenciesMeta:
      "@types/react":
        optional: true
      react:
        optional: true
      react-dom:
        optional: true
      search-insights:
        optional: true
    dependencies:
      "@algolia/autocomplete-core": 1.9.3(@algolia/client-search@4.19.1)(algoliasearch@4.19.1)(search-insights@2.6.0)
      "@algolia/autocomplete-preset-algolia": 1.9.3(@algolia/client-search@4.19.1)(algoliasearch@4.19.1)
      "@docsearch/css": 3.5.2
      algoliasearch: 4.19.1
      search-insights: 2.6.0
    transitivePeerDependencies:
      - "@algolia/client-search"
    dev: false

  /@esbuild/aix-ppc64@0.19.11:
    resolution:
      {
        integrity: sha512-FnzU0LyE3ySQk7UntJO4+qIiQgI7KoODnZg5xzXIrFJlKd2P2gwHsHY4927xj9y5PJmJSzULiUCWmv7iWnNa7g==,
      }
    engines: { node: ">=12" }
    cpu: [ppc64]
    os: [aix]
    requiresBuild: true
    dev: false
    optional: true

  /@esbuild/android-arm64@0.19.11:
    resolution:
      {
        integrity: sha512-aiu7K/5JnLj//KOnOfEZ0D90obUkRzDMyqd/wNAUQ34m4YUPVhRZpnqKV9uqDGxT7cToSDnIHsGooyIczu9T+Q==,
      }
    engines: { node: ">=12" }
    cpu: [arm64]
    os: [android]
    requiresBuild: true
    dev: false
    optional: true

  /@esbuild/android-arm@0.19.11:
    resolution:
      {
        integrity: sha512-5OVapq0ClabvKvQ58Bws8+wkLCV+Rxg7tUVbo9xu034Nm536QTII4YzhaFriQ7rMrorfnFKUsArD2lqKbFY4vw==,
      }
    engines: { node: ">=12" }
    cpu: [arm]
    os: [android]
    requiresBuild: true
    dev: false
    optional: true

  /@esbuild/android-x64@0.19.11:
    resolution:
      {
        integrity: sha512-eccxjlfGw43WYoY9QgB82SgGgDbibcqyDTlk3l3C0jOVHKxrjdc9CTwDUQd0vkvYg5um0OH+GpxYvp39r+IPOg==,
      }
    engines: { node: ">=12" }
    cpu: [x64]
    os: [android]
    requiresBuild: true
    dev: false
    optional: true

  /@esbuild/darwin-arm64@0.19.11:
    resolution:
      {
        integrity: sha512-ETp87DRWuSt9KdDVkqSoKoLFHYTrkyz2+65fj9nfXsaV3bMhTCjtQfw3y+um88vGRKRiF7erPrh/ZuIdLUIVxQ==,
      }
    engines: { node: ">=12" }
    cpu: [arm64]
    os: [darwin]
    requiresBuild: true
    dev: false
    optional: true

  /@esbuild/darwin-x64@0.19.11:
    resolution:
      {
        integrity: sha512-fkFUiS6IUK9WYUO/+22omwetaSNl5/A8giXvQlcinLIjVkxwTLSktbF5f/kJMftM2MJp9+fXqZ5ezS7+SALp4g==,
      }
    engines: { node: ">=12" }
    cpu: [x64]
    os: [darwin]
    requiresBuild: true
    dev: false
    optional: true

  /@esbuild/freebsd-arm64@0.19.11:
    resolution:
      {
        integrity: sha512-lhoSp5K6bxKRNdXUtHoNc5HhbXVCS8V0iZmDvyWvYq9S5WSfTIHU2UGjcGt7UeS6iEYp9eeymIl5mJBn0yiuxA==,
      }
    engines: { node: ">=12" }
    cpu: [arm64]
    os: [freebsd]
    requiresBuild: true
    dev: false
    optional: true

  /@esbuild/freebsd-x64@0.19.11:
    resolution:
      {
        integrity: sha512-JkUqn44AffGXitVI6/AbQdoYAq0TEullFdqcMY/PCUZ36xJ9ZJRtQabzMA+Vi7r78+25ZIBosLTOKnUXBSi1Kw==,
      }
    engines: { node: ">=12" }
    cpu: [x64]
    os: [freebsd]
    requiresBuild: true
    dev: false
    optional: true

  /@esbuild/linux-arm64@0.19.11:
    resolution:
      {
        integrity: sha512-LneLg3ypEeveBSMuoa0kwMpCGmpu8XQUh+mL8XXwoYZ6Be2qBnVtcDI5azSvh7vioMDhoJFZzp9GWp9IWpYoUg==,
      }
    engines: { node: ">=12" }
    cpu: [arm64]
    os: [linux]
    requiresBuild: true
    dev: false
    optional: true

  /@esbuild/linux-arm@0.19.11:
    resolution:
      {
        integrity: sha512-3CRkr9+vCV2XJbjwgzjPtO8T0SZUmRZla+UL1jw+XqHZPkPgZiyWvbDvl9rqAN8Zl7qJF0O/9ycMtjU67HN9/Q==,
      }
    engines: { node: ">=12" }
    cpu: [arm]
    os: [linux]
    requiresBuild: true
    dev: false
    optional: true

  /@esbuild/linux-ia32@0.19.11:
    resolution:
      {
        integrity: sha512-caHy++CsD8Bgq2V5CodbJjFPEiDPq8JJmBdeyZ8GWVQMjRD0sU548nNdwPNvKjVpamYYVL40AORekgfIubwHoA==,
      }
    engines: { node: ">=12" }
    cpu: [ia32]
    os: [linux]
    requiresBuild: true
    dev: false
    optional: true

  /@esbuild/linux-loong64@0.19.11:
    resolution:
      {
        integrity: sha512-ppZSSLVpPrwHccvC6nQVZaSHlFsvCQyjnvirnVjbKSHuE5N24Yl8F3UwYUUR1UEPaFObGD2tSvVKbvR+uT1Nrg==,
      }
    engines: { node: ">=12" }
    cpu: [loong64]
    os: [linux]
    requiresBuild: true
    dev: false
    optional: true

  /@esbuild/linux-mips64el@0.19.11:
    resolution:
      {
        integrity: sha512-B5x9j0OgjG+v1dF2DkH34lr+7Gmv0kzX6/V0afF41FkPMMqaQ77pH7CrhWeR22aEeHKaeZVtZ6yFwlxOKPVFyg==,
      }
    engines: { node: ">=12" }
    cpu: [mips64el]
    os: [linux]
    requiresBuild: true
    dev: false
    optional: true

  /@esbuild/linux-ppc64@0.19.11:
    resolution:
      {
        integrity: sha512-MHrZYLeCG8vXblMetWyttkdVRjQlQUb/oMgBNurVEnhj4YWOr4G5lmBfZjHYQHHN0g6yDmCAQRR8MUHldvvRDA==,
      }
    engines: { node: ">=12" }
    cpu: [ppc64]
    os: [linux]
    requiresBuild: true
    dev: false
    optional: true

  /@esbuild/linux-riscv64@0.19.11:
    resolution:
      {
        integrity: sha512-f3DY++t94uVg141dozDu4CCUkYW+09rWtaWfnb3bqe4w5NqmZd6nPVBm+qbz7WaHZCoqXqHz5p6CM6qv3qnSSQ==,
      }
    engines: { node: ">=12" }
    cpu: [riscv64]
    os: [linux]
    requiresBuild: true
    dev: false
    optional: true

  /@esbuild/linux-s390x@0.19.11:
    resolution:
      {
        integrity: sha512-A5xdUoyWJHMMlcSMcPGVLzYzpcY8QP1RtYzX5/bS4dvjBGVxdhuiYyFwp7z74ocV7WDc0n1harxmpq2ePOjI0Q==,
      }
    engines: { node: ">=12" }
    cpu: [s390x]
    os: [linux]
    requiresBuild: true
    dev: false
    optional: true

  /@esbuild/linux-x64@0.19.11:
    resolution:
      {
        integrity: sha512-grbyMlVCvJSfxFQUndw5mCtWs5LO1gUlwP4CDi4iJBbVpZcqLVT29FxgGuBJGSzyOxotFG4LoO5X+M1350zmPA==,
      }
    engines: { node: ">=12" }
    cpu: [x64]
    os: [linux]
    requiresBuild: true
    dev: false
    optional: true

  /@esbuild/netbsd-x64@0.19.11:
    resolution:
      {
        integrity: sha512-13jvrQZJc3P230OhU8xgwUnDeuC/9egsjTkXN49b3GcS5BKvJqZn86aGM8W9pd14Kd+u7HuFBMVtrNGhh6fHEQ==,
      }
    engines: { node: ">=12" }
    cpu: [x64]
    os: [netbsd]
    requiresBuild: true
    dev: false
    optional: true

  /@esbuild/openbsd-x64@0.19.11:
    resolution:
      {
        integrity: sha512-ysyOGZuTp6SNKPE11INDUeFVVQFrhcNDVUgSQVDzqsqX38DjhPEPATpid04LCoUr2WXhQTEZ8ct/EgJCUDpyNw==,
      }
    engines: { node: ">=12" }
    cpu: [x64]
    os: [openbsd]
    requiresBuild: true
    dev: false
    optional: true

  /@esbuild/sunos-x64@0.19.11:
    resolution:
      {
        integrity: sha512-Hf+Sad9nVwvtxy4DXCZQqLpgmRTQqyFyhT3bZ4F2XlJCjxGmRFF0Shwn9rzhOYRB61w9VMXUkxlBy56dk9JJiQ==,
      }
    engines: { node: ">=12" }
    cpu: [x64]
    os: [sunos]
    requiresBuild: true
    dev: false
    optional: true

  /@esbuild/win32-arm64@0.19.11:
    resolution:
      {
        integrity: sha512-0P58Sbi0LctOMOQbpEOvOL44Ne0sqbS0XWHMvvrg6NE5jQ1xguCSSw9jQeUk2lfrXYsKDdOe6K+oZiwKPilYPQ==,
      }
    engines: { node: ">=12" }
    cpu: [arm64]
    os: [win32]
    requiresBuild: true
    dev: false
    optional: true

  /@esbuild/win32-ia32@0.19.11:
    resolution:
      {
        integrity: sha512-6YOrWS+sDJDmshdBIQU+Uoyh7pQKrdykdefC1avn76ss5c+RN6gut3LZA4E2cH5xUEp5/cA0+YxRaVtRAb0xBg==,
      }
    engines: { node: ">=12" }
    cpu: [ia32]
    os: [win32]
    requiresBuild: true
    dev: false
    optional: true

  /@esbuild/win32-x64@0.19.11:
    resolution:
      {
        integrity: sha512-vfkhltrjCAb603XaFhqhAF4LGDi2M4OrCRrFusyQ+iTLQ/o60QQXxc9cZC/FFpihBI9N1Grn6SMKVJ4KP7Fuiw==,
      }
    engines: { node: ">=12" }
    cpu: [x64]
    os: [win32]
    requiresBuild: true
    dev: false
    optional: true

  /@giscus/vue@2.2.8(vue@3.4.19):
    resolution:
      {
        integrity: sha512-M74wmKItl4kNM7w5eJRGn9aTj7m6w5jhXfjjZQX4d/6tTMmJpNEUyWH/771OH6DfLFuA/RZ4qfmV3gdXhee1QA==,
      }
    peerDependencies:
      vue: ">=3.2.0"
    dependencies:
      giscus: 1.2.8
      vue: 3.4.19
    dev: false

  /@jridgewell/sourcemap-codec@1.4.15:
    resolution:
      {
        integrity: sha512-eF2rxCRulEKXHTRiDrDy6erMYWqNw4LPdQ8UQA4huuxaQsVeRPFl2oM8oDGxMFhJUWZf9McpLtJasDDZb/Bpeg==,
      }
    dev: false

  /@lit-labs/ssr-dom-shim@1.1.1:
    resolution:
      {
        integrity: sha512-kXOeFbfCm4fFf2A3WwVEeQj55tMZa8c8/f9AKHMobQMkzNUfUj+antR3fRPaZJawsa1aZiP/Da3ndpZrwEe4rQ==,
      }
    dev: false

  /@lit/reactive-element@1.6.1:
    resolution:
      {
        integrity: sha512-va15kYZr7KZNNPZdxONGQzpUr+4sxVu7V/VG7a8mRfPPXUyhEYj5RzXCQmGrlP3tAh0L3HHm5AjBMFYRqlM9SA==,
      }
    dependencies:
      "@lit-labs/ssr-dom-shim": 1.1.1
    dev: false

  /@rollup/rollup-android-arm-eabi@4.9.2:
    resolution:
      {
        integrity: sha512-RKzxFxBHq9ysZ83fn8Iduv3A283K7zPPYuhL/z9CQuyFrjwpErJx0h4aeb/bnJ+q29GRLgJpY66ceQ/Wcsn3wA==,
      }
    cpu: [arm]
    os: [android]
    requiresBuild: true
    dev: false
    optional: true

  /@rollup/rollup-android-arm64@4.9.2:
    resolution:
      {
        integrity: sha512-yZ+MUbnwf3SHNWQKJyWh88ii2HbuHCFQnAYTeeO1Nb8SyEiWASEi5dQUygt3ClHWtA9My9RQAYkjvrsZ0WK8Xg==,
      }
    cpu: [arm64]
    os: [android]
    requiresBuild: true
    dev: false
    optional: true

  /@rollup/rollup-darwin-arm64@4.9.2:
    resolution:
      {
        integrity: sha512-vqJ/pAUh95FLc/G/3+xPqlSBgilPnauVf2EXOQCZzhZJCXDXt/5A8mH/OzU6iWhb3CNk5hPJrh8pqJUPldN5zw==,
      }
    cpu: [arm64]
    os: [darwin]
    requiresBuild: true
    dev: false
    optional: true

  /@rollup/rollup-darwin-x64@4.9.2:
    resolution:
      {
        integrity: sha512-otPHsN5LlvedOprd3SdfrRNhOahhVBwJpepVKUN58L0RnC29vOAej1vMEaVU6DadnpjivVsNTM5eNt0CcwTahw==,
      }
    cpu: [x64]
    os: [darwin]
    requiresBuild: true
    dev: false
    optional: true

  /@rollup/rollup-linux-arm-gnueabihf@4.9.2:
    resolution:
      {
        integrity: sha512-ewG5yJSp+zYKBYQLbd1CUA7b1lSfIdo9zJShNTyc2ZP1rcPrqyZcNlsHgs7v1zhgfdS+kW0p5frc0aVqhZCiYQ==,
      }
    cpu: [arm]
    os: [linux]
    requiresBuild: true
    dev: false
    optional: true

  /@rollup/rollup-linux-arm64-gnu@4.9.2:
    resolution:
      {
        integrity: sha512-pL6QtV26W52aCWTG1IuFV3FMPL1m4wbsRG+qijIvgFO/VBsiXJjDPE/uiMdHBAO6YcpV4KvpKtd0v3WFbaxBtg==,
      }
    cpu: [arm64]
    os: [linux]
    requiresBuild: true
    dev: false
    optional: true

  /@rollup/rollup-linux-arm64-musl@4.9.2:
    resolution:
      {
        integrity: sha512-On+cc5EpOaTwPSNetHXBuqylDW+765G/oqB9xGmWU3npEhCh8xu0xqHGUA+4xwZLqBbIZNcBlKSIYfkBm6ko7g==,
      }
    cpu: [arm64]
    os: [linux]
    requiresBuild: true
    dev: false
    optional: true

  /@rollup/rollup-linux-riscv64-gnu@4.9.2:
    resolution:
      {
        integrity: sha512-Wnx/IVMSZ31D/cO9HSsU46FjrPWHqtdF8+0eyZ1zIB5a6hXaZXghUKpRrC4D5DcRTZOjml2oBhXoqfGYyXKipw==,
      }
    cpu: [riscv64]
    os: [linux]
    requiresBuild: true
    dev: false
    optional: true

  /@rollup/rollup-linux-x64-gnu@4.9.2:
    resolution:
      {
        integrity: sha512-ym5x1cj4mUAMBummxxRkI4pG5Vht1QMsJexwGP8547TZ0sox9fCLDHw9KCH9c1FO5d9GopvkaJsBIOkTKxksdw==,
      }
    cpu: [x64]
    os: [linux]
    requiresBuild: true
    dev: false
    optional: true

  /@rollup/rollup-linux-x64-musl@4.9.2:
    resolution:
      {
        integrity: sha512-m0hYELHGXdYx64D6IDDg/1vOJEaiV8f1G/iO+tejvRCJNSwK4jJ15e38JQy5Q6dGkn1M/9KcyEOwqmlZ2kqaZg==,
      }
    cpu: [x64]
    os: [linux]
    requiresBuild: true
    dev: false
    optional: true

  /@rollup/rollup-win32-arm64-msvc@4.9.2:
    resolution:
      {
        integrity: sha512-x1CWburlbN5JjG+juenuNa4KdedBdXLjZMp56nHFSHTOsb/MI2DYiGzLtRGHNMyydPGffGId+VgjOMrcltOksA==,
      }
    cpu: [arm64]
    os: [win32]
    requiresBuild: true
    dev: false
    optional: true

  /@rollup/rollup-win32-ia32-msvc@4.9.2:
    resolution:
      {
        integrity: sha512-VVzCB5yXR1QlfsH1Xw1zdzQ4Pxuzv+CPr5qpElpKhVxlxD3CRdfubAG9mJROl6/dmj5gVYDDWk8sC+j9BI9/kQ==,
      }
    cpu: [ia32]
    os: [win32]
    requiresBuild: true
    dev: false
    optional: true

  /@rollup/rollup-win32-x64-msvc@4.9.2:
    resolution:
      {
        integrity: sha512-SYRedJi+mweatroB+6TTnJYLts0L0bosg531xnQWtklOI6dezEagx4Q0qDyvRdK+qgdA3YZpjjGuPFtxBmddBA==,
      }
    cpu: [x64]
    os: [win32]
    requiresBuild: true
    dev: false
    optional: true

  /@types/linkify-it@3.0.5:
    resolution:
      {
        integrity: sha512-yg6E+u0/+Zjva+buc3EIb+29XEg4wltq7cSmd4Uc2EE/1nUVmxyzpX6gUXD0V8jIrG0r7YeOGVIbYRkxeooCtw==,
      }
    dev: false

  /@types/markdown-it@13.0.7:
    resolution:
      {
        integrity: sha512-U/CBi2YUUcTHBt5tjO2r5QV/x0Po6nsYwQU4Y04fBS6vfoImaiZ6f8bi3CjTCxBPQSO1LMyUqkByzi8AidyxfA==,
      }
    dependencies:
      "@types/linkify-it": 3.0.5
      "@types/mdurl": 1.0.5
    dev: false

  /@types/mdurl@1.0.5:
    resolution:
      {
        integrity: sha512-6L6VymKTzYSrEf4Nev4Xa1LCHKrlTlYCBMTlQKFuddo1CvQcE52I0mwfOJayueUC7MJuXOeHTcIU683lzd0cUA==,
      }
    dev: false

  /@types/trusted-types@2.0.3:
    resolution:
      {
        integrity: sha512-NfQ4gyz38SL8sDNrSixxU2Os1a5xcdFxipAFxYEuLUlvU2uDwS4NUpsImcf1//SlWItCVMMLiylsxbmNMToV/g==,
      }
    dev: false

  /@types/web-bluetooth@0.0.20:
    resolution:
      {
        integrity: sha512-g9gZnnXVq7gM7v3tJCWV/qw7w+KeOlSHAhgF9RytFyifW6AF61hdT2ucrYhPq9hLs5JIryeupHV3qGk95dH9ow==,
      }
    dev: false

  /@vitejs/plugin-vue@5.0.2(vite@5.0.10)(vue@3.4.19):
    resolution:
      {
        integrity: sha512-kEjJHrLb5ePBvjD0SPZwJlw1QTRcjjCA9sB5VyfonoXVBxTS7TMnqL6EkLt1Eu61RDeiuZ/WN9Hf6PxXhPI2uA==,
      }
    engines: { node: ^18.0.0 || >=20.0.0 }
    peerDependencies:
      vite: ^5.0.0
      vue: ^3.2.25
    dependencies:
      vite: 5.0.10
      vue: 3.4.19
    dev: false

  /@vue/compiler-core@3.4.19:
    resolution:
      {
        integrity: sha512-gj81785z0JNzRcU0Mq98E56e4ltO1yf8k5PQ+tV/7YHnbZkrM0fyFyuttnN8ngJZjbpofWE/m4qjKBiLl8Ju4w==,
      }
    dependencies:
      "@babel/parser": 7.23.9
      "@vue/shared": 3.4.19
      entities: 4.5.0
      estree-walker: 2.0.2
      source-map-js: 1.0.2
    dev: false

  /@vue/compiler-dom@3.4.19:
    resolution:
      {
        integrity: sha512-vm6+cogWrshjqEHTzIDCp72DKtea8Ry/QVpQRYoyTIg9k7QZDX6D8+HGURjtmatfgM8xgCFtJJaOlCaRYRK3QA==,
      }
    dependencies:
      "@vue/compiler-core": 3.4.19
      "@vue/shared": 3.4.19
    dev: false

  /@vue/compiler-sfc@3.4.19:
    resolution:
      {
        integrity: sha512-LQ3U4SN0DlvV0xhr1lUsgLCYlwQfUfetyPxkKYu7dkfvx7g3ojrGAkw0AERLOKYXuAGnqFsEuytkdcComei3Yg==,
      }
    dependencies:
      "@babel/parser": 7.23.9
      "@vue/compiler-core": 3.4.19
      "@vue/compiler-dom": 3.4.19
      "@vue/compiler-ssr": 3.4.19
      "@vue/shared": 3.4.19
      estree-walker: 2.0.2
      magic-string: 0.30.7
      postcss: 8.4.33
      source-map-js: 1.0.2
    dev: false

  /@vue/compiler-ssr@3.4.19:
    resolution:
      {
        integrity: sha512-P0PLKC4+u4OMJ8sinba/5Z/iDT84uMRRlrWzadgLA69opCpI1gG4N55qDSC+dedwq2fJtzmGald05LWR5TFfLw==,
      }
    dependencies:
      "@vue/compiler-dom": 3.4.19
      "@vue/shared": 3.4.19
    dev: false

  /@vue/devtools-api@6.5.1:
    resolution:
      {
        integrity: sha512-+KpckaAQyfbvshdDW5xQylLni1asvNSGme1JFs8I1+/H5pHEhqUKMEQD/qn3Nx5+/nycBq11qAEi8lk+LXI2dA==,
      }
    dev: false

  /@vue/reactivity@3.4.19:
    resolution:
      {
        integrity: sha512-+VcwrQvLZgEclGZRHx4O2XhyEEcKaBi50WbxdVItEezUf4fqRh838Ix6amWTdX0CNb/b6t3Gkz3eOebfcSt+UA==,
      }
    dependencies:
      "@vue/shared": 3.4.19
    dev: false

  /@vue/runtime-core@3.4.19:
    resolution:
      {
        integrity: sha512-/Z3tFwOrerJB/oyutmJGoYbuoadphDcJAd5jOuJE86THNZji9pYjZroQ2NFsZkTxOq0GJbb+s2kxTYToDiyZzw==,
      }
    dependencies:
      "@vue/reactivity": 3.4.19
      "@vue/shared": 3.4.19
    dev: false

  /@vue/runtime-dom@3.4.19:
    resolution:
      {
        integrity: sha512-IyZzIDqfNCF0OyZOauL+F4yzjMPN2rPd8nhqPP2N1lBn3kYqJpPHHru+83Rkvo2lHz5mW+rEeIMEF9qY3PB94g==,
      }
    dependencies:
      "@vue/runtime-core": 3.4.19
      "@vue/shared": 3.4.19
      csstype: 3.1.3
    dev: false

  /@vue/server-renderer@3.4.19(vue@3.4.19):
    resolution:
      {
        integrity: sha512-eAj2p0c429RZyyhtMRnttjcSToch+kTWxFPHlzGMkR28ZbF1PDlTcmGmlDxccBuqNd9iOQ7xPRPAGgPVj+YpQw==,
      }
    peerDependencies:
      vue: 3.4.19
    dependencies:
      "@vue/compiler-ssr": 3.4.19
      "@vue/shared": 3.4.19
      vue: 3.4.19
    dev: false

  /@vue/shared@3.4.19:
    resolution:
      {
        integrity: sha512-/KliRRHMF6LoiThEy+4c1Z4KB/gbPrGjWwJR+crg2otgrf/egKzRaCPvJ51S5oetgsgXLfc4Rm5ZgrKHZrtMSw==,
      }
    dev: false

  /@vueuse/core@10.7.1(vue@3.4.19):
    resolution:
      {
        integrity: sha512-74mWHlaesJSWGp1ihg76vAnfVq9NTv1YT0SYhAQ6zwFNdBkkP+CKKJmVOEHcdSnLXCXYiL5e7MaewblfiYLP7g==,
      }
    dependencies:
      "@types/web-bluetooth": 0.0.20
      "@vueuse/metadata": 10.7.1
      "@vueuse/shared": 10.7.1(vue@3.4.19)
      vue-demi: 0.14.6(vue@3.4.19)
    transitivePeerDependencies:
      - "@vue/composition-api"
      - vue
    dev: false

  /@vueuse/integrations@10.7.1(focus-trap@7.5.4)(vue@3.4.19):
    resolution:
      {
        integrity: sha512-cKo5LEeKVHdBRBtMTOrDPdR0YNtrmN9IBfdcnY2P3m5LHVrsD0xiHUtAH1WKjHQRIErZG6rJUa6GA4tWZt89Og==,
      }
    peerDependencies:
      async-validator: "*"
      axios: "*"
      change-case: "*"
      drauu: "*"
      focus-trap: "*"
      fuse.js: "*"
      idb-keyval: "*"
      jwt-decode: "*"
      nprogress: "*"
      qrcode: "*"
      sortablejs: "*"
      universal-cookie: "*"
    peerDependenciesMeta:
      async-validator:
        optional: true
      axios:
        optional: true
      change-case:
        optional: true
      drauu:
        optional: true
      focus-trap:
        optional: true
      fuse.js:
        optional: true
      idb-keyval:
        optional: true
      jwt-decode:
        optional: true
      nprogress:
        optional: true
      qrcode:
        optional: true
      sortablejs:
        optional: true
      universal-cookie:
        optional: true
    dependencies:
      "@vueuse/core": 10.7.1(vue@3.4.19)
      "@vueuse/shared": 10.7.1(vue@3.4.19)
      focus-trap: 7.5.4
      vue-demi: 0.14.6(vue@3.4.19)
    transitivePeerDependencies:
      - "@vue/composition-api"
      - vue
    dev: false

  /@vueuse/metadata@10.7.1:
    resolution:
      {
        integrity: sha512-jX8MbX5UX067DYVsbtrmKn6eG6KMcXxLRLlurGkZku5ZYT3vxgBjui2zajvUZ18QLIjrgBkFRsu7CqTAg18QFw==,
      }
    dev: false

  /@vueuse/shared@10.7.1(vue@3.4.19):
    resolution:
      {
        integrity: sha512-v0jbRR31LSgRY/C5i5X279A/WQjD6/JsMzGa+eqt658oJ75IvQXAeONmwvEMrvJQKnRElq/frzBR7fhmWY5uLw==,
      }
    dependencies:
      vue-demi: 0.14.6(vue@3.4.19)
    transitivePeerDependencies:
      - "@vue/composition-api"
      - vue
    dev: false

  /algoliasearch@4.19.1:
    resolution:
      {
        integrity: sha512-IJF5b93b2MgAzcE/tuzW0yOPnuUyRgGAtaPv5UUywXM8kzqfdwZTO4sPJBzoGz1eOy6H9uEchsJsBFTELZSu+g==,
      }
    dependencies:
      "@algolia/cache-browser-local-storage": 4.19.1
      "@algolia/cache-common": 4.19.1
      "@algolia/cache-in-memory": 4.19.1
      "@algolia/client-account": 4.19.1
      "@algolia/client-analytics": 4.19.1
      "@algolia/client-common": 4.19.1
      "@algolia/client-personalization": 4.19.1
      "@algolia/client-search": 4.19.1
      "@algolia/logger-common": 4.19.1
      "@algolia/logger-console": 4.19.1
      "@algolia/requester-browser-xhr": 4.19.1
      "@algolia/requester-common": 4.19.1
      "@algolia/requester-node-http": 4.19.1
      "@algolia/transporter": 4.19.1
    dev: false

  /commander@8.3.0:
    resolution:
      {
        integrity: sha512-OkTL9umf+He2DZkUq8f8J9of7yL6RJKI24dVITBmNfZBmri9zYZQrKkuXiKhyfPSu8tUhnVBB1iKXevvnlR4Ww==,
      }
    engines: { node: ">= 12" }
    dev: true

  /csstype@3.1.3:
    resolution:
      {
        integrity: sha512-M1uQkMl8rQK/szD0LNhtqxIPLpimGm8sOBwU7lLnCpSbTyY3yeU1Vc7l4KT5zT4s/yOxHH5O7tIuuLOCnLADRw==,
      }
    dev: false

  /entities@4.5.0:
    resolution:
      {
        integrity: sha512-V0hjH4dGPh9Ao5p0MoRY6BVqtwCjhz6vI5LT8AJ55H+4g9/4vbHx1I54fS0XuclLhDHArPQCiMjDxjaL8fPxhw==,
      }
    engines: { node: ">=0.12" }
    dev: false

  /esbuild@0.19.11:
    resolution:
      {
        integrity: sha512-HJ96Hev2hX/6i5cDVwcqiJBBtuo9+FeIJOtZ9W1kA5M6AMJRHUZlpYZ1/SbEwtO0ioNAW8rUooVpC/WehY2SfA==,
      }
    engines: { node: ">=12" }
    hasBin: true
    requiresBuild: true
    optionalDependencies:
      "@esbuild/aix-ppc64": 0.19.11
      "@esbuild/android-arm": 0.19.11
      "@esbuild/android-arm64": 0.19.11
      "@esbuild/android-x64": 0.19.11
      "@esbuild/darwin-arm64": 0.19.11
      "@esbuild/darwin-x64": 0.19.11
      "@esbuild/freebsd-arm64": 0.19.11
      "@esbuild/freebsd-x64": 0.19.11
      "@esbuild/linux-arm": 0.19.11
      "@esbuild/linux-arm64": 0.19.11
      "@esbuild/linux-ia32": 0.19.11
      "@esbuild/linux-loong64": 0.19.11
      "@esbuild/linux-mips64el": 0.19.11
      "@esbuild/linux-ppc64": 0.19.11
      "@esbuild/linux-riscv64": 0.19.11
      "@esbuild/linux-s390x": 0.19.11
      "@esbuild/linux-x64": 0.19.11
      "@esbuild/netbsd-x64": 0.19.11
      "@esbuild/openbsd-x64": 0.19.11
      "@esbuild/sunos-x64": 0.19.11
      "@esbuild/win32-arm64": 0.19.11
      "@esbuild/win32-ia32": 0.19.11
      "@esbuild/win32-x64": 0.19.11
    dev: false

  /estree-walker@2.0.2:
    resolution:
      {
        integrity: sha512-Rfkk/Mp/DL7JVje3u18FxFujQlTNR2q6QfMSMB7AvCBx91NGj/ba3kCfza0f6dVDbw7YlRf/nDrn7pQrCCyQ/w==,
      }
    dev: false

  /focus-trap@7.5.4:
    resolution:
      {
        integrity: sha512-N7kHdlgsO/v+iD/dMoJKtsSqs5Dz/dXZVebRgJw23LDk+jMi/974zyiOYDziY2JPp8xivq9BmUGwIJMiuSBi7w==,
      }
    dependencies:
      tabbable: 6.2.0
    dev: false

  /fsevents@2.3.3:
    resolution:
      {
        integrity: sha512-5xoDfX+fL7faATnagmWPpbFtwh/R77WmMMqqHGS65C3vvB0YHrgF+B1YmZ3441tMj5n63k0212XNoJwzlhffQw==,
      }
    engines: { node: ^8.16.0 || ^10.6.0 || >=11.0.0 }
    os: [darwin]
    requiresBuild: true
    dev: false
    optional: true

  /giscus@1.2.8:
    resolution:
      {
        integrity: sha512-pufrgQYt1W+4ztiWp/PilLPN8NdyKvpbQ8jNqbAa1g84t6qqyevXHfkOYCi4x4d+y191vJAUc6seL1Dq74yUeA==,
      }
    dependencies:
      lit: 2.7.4
    dev: false

  /katex@0.16.9:
    resolution:
      {
        integrity: sha512-fsSYjWS0EEOwvy81j3vRA8TEAhQhKiqO+FQaKWp0m39qwOzHVBgAUBIXWj1pB+O2W3fIpNa6Y9KSKCVbfPhyAQ==,
      }
    hasBin: true
    dependencies:
      commander: 8.3.0
    dev: true

  /lit-element@3.3.2:
    resolution:
      {
        integrity: sha512-xXAeVWKGr4/njq0rGC9dethMnYCq5hpKYrgQZYTzawt9YQhMiXfD+T1RgrdY3NamOxwq2aXlb0vOI6e29CKgVQ==,
      }
    dependencies:
      "@lit-labs/ssr-dom-shim": 1.1.1
      "@lit/reactive-element": 1.6.1
      lit-html: 2.7.3
    dev: false

  /lit-html@2.7.3:
    resolution:
      {
        integrity: sha512-9DyLzcn/kbRGowz2vFmSANFbRZTxYUgYYFqzie89w6GLpPUiBCDHfcdeRUV/k3Q2ueYxNjfv46yPCtKAEAPOVw==,
      }
    dependencies:
      "@types/trusted-types": 2.0.3
    dev: false

  /lit@2.7.4:
    resolution:
      {
        integrity: sha512-cgD7xrZoYr21mbrkZIuIrj98YTMw/snJPg52deWVV4A8icLyNHI3bF70xsJeAgwTuiq5Kkd+ZR8gybSJDCPB7g==,
      }
    dependencies:
      "@lit/reactive-element": 1.6.1
      lit-element: 3.3.2
      lit-html: 2.7.3
    dev: false

  /magic-string@0.30.7:
    resolution:
      {
        integrity: sha512-8vBuFF/I/+OSLRmdf2wwFCJCz+nSn0m6DPvGH1fS/KiQoSaR+sETbov0eIk9KhEKy8CYqIkIAnbohxT/4H0kuA==,
      }
    engines: { node: ">=12" }
    dependencies:
      "@jridgewell/sourcemap-codec": 1.4.15
    dev: false

  /mark.js@8.11.1:
    resolution:
      {
        integrity: sha512-1I+1qpDt4idfgLQG+BNWmrqku+7/2bi5nLf4YwF8y8zXvmfiTBY3PV3ZibfrjBueCByROpuBjLLFCajqkgYoLQ==,
      }
    dev: false

  /markdown-it-smartarrows@1.0.1:
    resolution:
      {
        integrity: sha512-LwWnlFyLY5ANjLR0a8BuLvQEm4Ri76IavQwqTnpquSiMoE3JXefk5Pu7nD5VKn784bgLqL3sexdt/j8GwuLgOw==,
      }
    dev: true

  /markdown-it-texmath@1.0.0:
    resolution:
      {
        integrity: sha512-4hhkiX8/gus+6e53PLCUmUrsa6ZWGgJW2XCW6O0ASvZUiezIK900ZicinTDtG3kAO2kon7oUA/ReWmpW2FByxg==,
      }
    dev: true

  /minisearch@6.3.0:
    resolution:
      {
        integrity: sha512-ihFnidEeU8iXzcVHy74dhkxh/dn8Dc08ERl0xwoMMGqp4+LvRSCgicb+zGqWthVokQKvCSxITlh3P08OzdTYCQ==,
      }
    dev: false

  /nanoid@3.3.7:
    resolution:
      {
        integrity: sha512-eSRppjcPIatRIMC1U6UngP8XFcz8MQWGQdt1MTBQ7NaAmvXDfvNxbvWV3x2y6CdEUciCSsDHDQZbhYaB8QEo2g==,
      }
    engines: { node: ^10 || ^12 || ^13.7 || ^14 || >=15.0.1 }
    hasBin: true
    dev: false

  /picocolors@1.0.0:
    resolution:
      {
        integrity: sha512-1fygroTLlHu66zi26VoTDv8yRgm0Fccecssto+MhsZ0D/DGW2sm8E8AjW7NU5VVTRt5GxbeZ5qBuJr+HyLYkjQ==,
      }
    dev: false

  /postcss@8.4.32:
    resolution:
      {
        integrity: sha512-D/kj5JNu6oo2EIy+XL/26JEDTlIbB8hw85G8StOE6L74RQAVVP5rej6wxCNqyMbR4RkPfqvezVbPw81Ngd6Kcw==,
      }
    engines: { node: ^10 || ^12 || >=14 }
    dependencies:
      nanoid: 3.3.7
      picocolors: 1.0.0
      source-map-js: 1.0.2
    dev: false

  /postcss@8.4.33:
    resolution:
      {
        integrity: sha512-Kkpbhhdjw2qQs2O2DGX+8m5OVqEcbB9HRBvuYM9pgrjEFUg30A9LmXNlTAUj4S9kgtGyrMbTzVjH7E+s5Re2yg==,
      }
    engines: { node: ^10 || ^12 || >=14 }
    dependencies:
      nanoid: 3.3.7
      picocolors: 1.0.0
      source-map-js: 1.0.2
    dev: false

  /preact@10.11.3:
    resolution:
      {
        integrity: sha512-eY93IVpod/zG3uMF22Unl8h9KkrcKIRs2EGar8hwLZZDU1lkjph303V9HZBwufh2s736U6VXuhD109LYqPoffg==,
      }
    dev: false

  /prettier@3.2.5:
    resolution:
      {
        integrity: sha512-3/GWa9aOC0YeD7LUfvOG2NiDyhOWRvt1k+rcKhOuYnMY24iiCphgneUfJDyFXd6rZCAnuLBv6UeAULtrhT/F4A==,
      }
    engines: { node: ">=14" }
    hasBin: true
    dev: true

  /rollup@4.9.2:
    resolution:
      {
        integrity: sha512-66RB8OtFKUTozmVEh3qyNfH+b+z2RXBVloqO2KCC/pjFaGaHtxP9fVfOQKPSGXg2mElmjmxjW/fZ7iKrEpMH5Q==,
      }
    engines: { node: ">=18.0.0", npm: ">=8.0.0" }
    hasBin: true
    optionalDependencies:
      "@rollup/rollup-android-arm-eabi": 4.9.2
      "@rollup/rollup-android-arm64": 4.9.2
      "@rollup/rollup-darwin-arm64": 4.9.2
      "@rollup/rollup-darwin-x64": 4.9.2
      "@rollup/rollup-linux-arm-gnueabihf": 4.9.2
      "@rollup/rollup-linux-arm64-gnu": 4.9.2
      "@rollup/rollup-linux-arm64-musl": 4.9.2
      "@rollup/rollup-linux-riscv64-gnu": 4.9.2
      "@rollup/rollup-linux-x64-gnu": 4.9.2
      "@rollup/rollup-linux-x64-musl": 4.9.2
      "@rollup/rollup-win32-arm64-msvc": 4.9.2
      "@rollup/rollup-win32-ia32-msvc": 4.9.2
      "@rollup/rollup-win32-x64-msvc": 4.9.2
      fsevents: 2.3.3
    dev: false

  /search-insights@2.6.0:
    resolution:
      {
        integrity: sha512-vU2/fJ+h/Mkm/DJOe+EaM5cafJv/1rRTZpGJTuFPf/Q5LjzgMDsqPdSaZsAe+GAWHHsfsu+rQSAn6c8IGtBEVw==,
      }
    engines: { node: ">=8.16.0" }
    dev: false

  /shikiji-core@0.9.17:
    resolution:
      {
        integrity: sha512-r1FWTXk6SO2aYqfWgcsJ11MuVQ1ymPSdXzJjK7q8EXuyqu8yc2N5qrQy5+BL6gTVOaF4yLjbxFjF+KTRM1Sp8Q==,
      }
    dev: false

  /shikiji-transformers@0.9.17:
    resolution:
      {
        integrity: sha512-2CCG9qSLS6Bn/jbeUTEuvC6YSuP8gm8VyX5VjmCvDKyCPGhlLJbH1k/kg9wfRt7cJqpYjhdMDgT5rkdYrOZnsA==,
      }
    dependencies:
      shikiji: 0.9.17
    dev: false

  /shikiji@0.9.17:
    resolution:
      {
        integrity: sha512-0z/1NfkhBkm3ijrfFeHg3G9yDNuHhXdAGbQm7tRxj4WQ5z2y0XDbnagFyKyuV2ebCTS1Mwy1I3n0Fzcc/4xdmw==,
      }
    dependencies:
      shikiji-core: 0.9.17
    dev: false

  /source-map-js@1.0.2:
    resolution:
      {
        integrity: sha512-R0XvVJ9WusLiqTCEiGCmICCMplcCkIwwR11mOSD9CR5u+IXYdiseeEuXCVAjS54zqwkLcPNnmU4OeJ6tUrWhDw==,
      }
    engines: { node: ">=0.10.0" }
    dev: false

  /tabbable@6.2.0:
    resolution:
      {
        integrity: sha512-Cat63mxsVJlzYvN51JmVXIgNoUokrIaT2zLclCXjRd8boZ0004U4KCs/sToJ75C6sdlByWxpYnb5Boif1VSFew==,
      }
    dev: false

  /to-fast-properties@2.0.0:
    resolution:
      {
        integrity: sha512-/OaKK0xYrs3DmxRYqL/yDc+FxFUVYhDlXMhRmv3z915w2HF1tnN1omB354j8VUGO/hbRzyD6Y3sA7v7GS/ceog==,
      }
    engines: { node: ">=4" }
    dev: false

  /vite@5.0.10:
    resolution:
      {
        integrity: sha512-2P8J7WWgmc355HUMlFrwofacvr98DAjoE52BfdbwQtyLH06XKwaL/FMnmKM2crF0iX4MpmMKoDlNCB1ok7zHCw==,
      }
    engines: { node: ^18.0.0 || >=20.0.0 }
    hasBin: true
    peerDependencies:
      "@types/node": ^18.0.0 || >=20.0.0
      less: "*"
      lightningcss: ^1.21.0
      sass: "*"
      stylus: "*"
      sugarss: "*"
      terser: ^5.4.0
    peerDependenciesMeta:
      "@types/node":
        optional: true
      less:
        optional: true
      lightningcss:
        optional: true
      sass:
        optional: true
      stylus:
        optional: true
      sugarss:
        optional: true
      terser:
        optional: true
    dependencies:
      esbuild: 0.19.11
      postcss: 8.4.32
      rollup: 4.9.2
    optionalDependencies:
      fsevents: 2.3.3
    dev: false

  /vitepress-plugin-comment-with-giscus@1.1.12(vue@3.4.19):
    resolution:
      {
        integrity: sha512-kUN0NraWXG27BnArVCveZUEpWahT5tT+DFLXRcnuoAtiYfu8qJ/lo/mdzjdSuqFMCWVHjCEx6vVYbVMQKPnRHQ==,
      }
    dependencies:
      "@giscus/vue": 2.2.8(vue@3.4.19)
    transitivePeerDependencies:
      - vue
    dev: false

  /vitepress@1.0.0-rc.35(@algolia/client-search@4.19.1)(search-insights@2.6.0):
    resolution:
      {
        integrity: sha512-+2VnFwtYIiKWWAnMjWg7ik0PfsUdrNoZIZKeu5dbJtrkzKO/mTvlA3owiT5VBKJsZAgI17B5UV37aYfUvGrN6g==,
      }
    hasBin: true
    peerDependencies:
      markdown-it-mathjax3: ^4.3.2
      postcss: ^8.4.32
    peerDependenciesMeta:
      markdown-it-mathjax3:
        optional: true
      postcss:
        optional: true
    dependencies:
      "@docsearch/css": 3.5.2
      "@docsearch/js": 3.5.2(@algolia/client-search@4.19.1)(search-insights@2.6.0)
      "@types/markdown-it": 13.0.7
      "@vitejs/plugin-vue": 5.0.2(vite@5.0.10)(vue@3.4.19)
      "@vue/devtools-api": 6.5.1
      "@vueuse/core": 10.7.1(vue@3.4.19)
      "@vueuse/integrations": 10.7.1(focus-trap@7.5.4)(vue@3.4.19)
      focus-trap: 7.5.4
      mark.js: 8.11.1
      minisearch: 6.3.0
      shikiji: 0.9.17
      shikiji-core: 0.9.17
      shikiji-transformers: 0.9.17
      vite: 5.0.10
      vue: 3.4.19
    transitivePeerDependencies:
      - "@algolia/client-search"
      - "@types/node"
      - "@types/react"
      - "@vue/composition-api"
      - async-validator
      - axios
      - change-case
      - drauu
      - fuse.js
      - idb-keyval
      - jwt-decode
      - less
      - lightningcss
      - nprogress
      - qrcode
      - react
      - react-dom
      - sass
      - search-insights
      - sortablejs
      - stylus
      - sugarss
      - terser
      - typescript
      - universal-cookie
    dev: false

  /vue-demi@0.14.6(vue@3.4.19):
    resolution:
      {
        integrity: sha512-8QA7wrYSHKaYgUxDA5ZC24w+eHm3sYCbp0EzcDwKqN3p6HqtTCGR/GVsPyZW92unff4UlcSh++lmqDWN3ZIq4w==,
      }
    engines: { node: ">=12" }
    hasBin: true
    requiresBuild: true
    peerDependencies:
      "@vue/composition-api": ^1.0.0-rc.1
      vue: ^3.0.0-0 || ^2.6.0
    peerDependenciesMeta:
      "@vue/composition-api":
        optional: true
    dependencies:
      vue: 3.4.19
    dev: false

  /vue@3.4.19:
    resolution:
      {
        integrity: sha512-W/7Fc9KUkajFU8dBeDluM4sRGc/aa4YJnOYck8dkjgZoXtVsn3OeTGni66FV1l3+nvPA7VBFYtPioaGKUmEADw==,
      }
    peerDependencies:
      typescript: "*"
    peerDependenciesMeta:
      typescript:
        optional: true
    dependencies:
      "@vue/compiler-dom": 3.4.19
      "@vue/compiler-sfc": 3.4.19
      "@vue/runtime-dom": 3.4.19
      "@vue/server-renderer": 3.4.19(vue@3.4.19)
      "@vue/shared": 3.4.19
    dev: false
